
Microsoft Visual Studio Solution File, Format Version 12.00
# Visual Studio Version 16
VisualStudioVersion = 16.0.28922.388
MinimumVisualStudioVersion = 10.0.40219.1
Project("{9A19103F-16F7-4668-BE54-9A1E7A4F7556}") = "tac2cil", "tac2cil\tac2cil.csproj", "{CF297740-84F5-4B92-AA68-D74B9360776B}"
EndProject
Project("{FAE04EC0-301F-11D3-BF4B-00C04F79EFBC}") = "Backend", "..\analysis-net\Backend\Backend.csproj", "{45C7B613-E32D-43E8-8030-932D509602EB}"
EndProject
Project("{FAE04EC0-301F-11D3-BF4B-00C04F79EFBC}") = "Model", "..\analysis-net\Model\Model.csproj", "{F08216AD-E55C-44B1-A253-AB8B024B7597}"
EndProject
Project("{2150E333-8FDC-42A3-9474-1A3956D46DE8}") = "analysis-net", "analysis-net", "{B684AC6D-CD1D-4034-B9C3-A78F652314F0}"
EndProject
Project("{FAE04EC0-301F-11D3-BF4B-00C04F79EFBC}") = "CCIProvider", "..\analysis-net\CCIProvider\CCIProvider.csproj", "{D19D0C62-FB8C-427D-B6A4-8433EF3DB6A5}"
EndProject
Project("{FAE04EC0-301F-11D3-BF4B-00C04F79EFBC}") = "Tests", "Tests\Tests.csproj", "{1464D981-F587-4401-860B-7EBF5C6C6FD9}"
EndProject
Project("{9A19103F-16F7-4668-BE54-9A1E7A4F7556}") = "CodeGenerator", "CodeGenerator\CodeGenerator.csproj", "{F5D90666-1BBE-4207-BBD4-ECE7C696C737}"
EndProject
Project("{9A19103F-16F7-4668-BE54-9A1E7A4F7556}") = "Mono.Cecil", "..\cecil\Mono.Cecil.csproj", "{6D326D8F-EAA9-4648-BB9A-74DB56AF59B9}"
EndProject
Project("{FAE04EC0-301F-11D3-BF4B-00C04F79EFBC}") = "MetadataProvider", "..\analysis-net\MetadataProvider\MetadataProvider.csproj", "{7D94DAAC-E703-430D-BCEB-D10E4C565FF8}"
EndProject
Project("{2150E333-8FDC-42A3-9474-1A3956D46DE8}") = "mono", "mono", "{447DF6B5-2543-4326-A9E9-0E2EA0ABB707}"
EndProject
Project("{9A19103F-16F7-4668-BE54-9A1E7A4F7556}") = "Mono.Cecil.Rocks", "..\cecil\rocks\Mono.Cecil.Rocks.csproj", "{3B2A6F20-5672-4F16-828E-80B29299260B}"
EndProject
Project("{9A19103F-16F7-4668-BE54-9A1E7A4F7556}") = "CecilProvider", "CecilProvider\CecilProvider.csproj", "{5EB992F8-49AA-4308-A79F-84611A0A54A3}"
EndProject
Global
	GlobalSection(SolutionConfigurationPlatforms) = preSolution
		Debug|Any CPU = Debug|Any CPU
		Release|Any CPU = Release|Any CPU
	EndGlobalSection
	GlobalSection(ProjectConfigurationPlatforms) = postSolution
		{CF297740-84F5-4B92-AA68-D74B9360776B}.Debug|Any CPU.ActiveCfg = Debug|Any CPU
		{CF297740-84F5-4B92-AA68-D74B9360776B}.Debug|Any CPU.Build.0 = Debug|Any CPU
		{CF297740-84F5-4B92-AA68-D74B9360776B}.Release|Any CPU.ActiveCfg = Release|Any CPU
		{CF297740-84F5-4B92-AA68-D74B9360776B}.Release|Any CPU.Build.0 = Release|Any CPU
		{45C7B613-E32D-43E8-8030-932D509602EB}.Debug|Any CPU.ActiveCfg = Debug|Any CPU
		{45C7B613-E32D-43E8-8030-932D509602EB}.Debug|Any CPU.Build.0 = Debug|Any CPU
		{45C7B613-E32D-43E8-8030-932D509602EB}.Release|Any CPU.ActiveCfg = Release|Any CPU
		{45C7B613-E32D-43E8-8030-932D509602EB}.Release|Any CPU.Build.0 = Release|Any CPU
		{F08216AD-E55C-44B1-A253-AB8B024B7597}.Debug|Any CPU.ActiveCfg = Debug|Any CPU
		{F08216AD-E55C-44B1-A253-AB8B024B7597}.Debug|Any CPU.Build.0 = Debug|Any CPU
		{F08216AD-E55C-44B1-A253-AB8B024B7597}.Release|Any CPU.ActiveCfg = Release|Any CPU
		{F08216AD-E55C-44B1-A253-AB8B024B7597}.Release|Any CPU.Build.0 = Release|Any CPU
		{D19D0C62-FB8C-427D-B6A4-8433EF3DB6A5}.Debug|Any CPU.ActiveCfg = Debug|Any CPU
		{D19D0C62-FB8C-427D-B6A4-8433EF3DB6A5}.Debug|Any CPU.Build.0 = Debug|Any CPU
		{D19D0C62-FB8C-427D-B6A4-8433EF3DB6A5}.Release|Any CPU.ActiveCfg = Release|Any CPU
		{D19D0C62-FB8C-427D-B6A4-8433EF3DB6A5}.Release|Any CPU.Build.0 = Release|Any CPU
		{1464D981-F587-4401-860B-7EBF5C6C6FD9}.Debug|Any CPU.ActiveCfg = Debug|Any CPU
		{1464D981-F587-4401-860B-7EBF5C6C6FD9}.Debug|Any CPU.Build.0 = Debug|Any CPU
		{1464D981-F587-4401-860B-7EBF5C6C6FD9}.Release|Any CPU.ActiveCfg = Release|Any CPU
		{1464D981-F587-4401-860B-7EBF5C6C6FD9}.Release|Any CPU.Build.0 = Release|Any CPU
		{F5D90666-1BBE-4207-BBD4-ECE7C696C737}.Debug|Any CPU.ActiveCfg = Debug|Any CPU
		{F5D90666-1BBE-4207-BBD4-ECE7C696C737}.Debug|Any CPU.Build.0 = Debug|Any CPU
		{F5D90666-1BBE-4207-BBD4-ECE7C696C737}.Release|Any CPU.ActiveCfg = Release|Any CPU
		{F5D90666-1BBE-4207-BBD4-ECE7C696C737}.Release|Any CPU.Build.0 = Release|Any CPU
		{6D326D8F-EAA9-4648-BB9A-74DB56AF59B9}.Debug|Any CPU.ActiveCfg = Debug|Any CPU
		{6D326D8F-EAA9-4648-BB9A-74DB56AF59B9}.Debug|Any CPU.Build.0 = Debug|Any CPU
		{6D326D8F-EAA9-4648-BB9A-74DB56AF59B9}.Release|Any CPU.ActiveCfg = Release|Any CPU
		{6D326D8F-EAA9-4648-BB9A-74DB56AF59B9}.Release|Any CPU.Build.0 = Release|Any CPU
		{7D94DAAC-E703-430D-BCEB-D10E4C565FF8}.Debug|Any CPU.ActiveCfg = Debug|Any CPU
		{7D94DAAC-E703-430D-BCEB-D10E4C565FF8}.Debug|Any CPU.Build.0 = Debug|Any CPU
		{7D94DAAC-E703-430D-BCEB-D10E4C565FF8}.Release|Any CPU.ActiveCfg = Release|Any CPU
		{7D94DAAC-E703-430D-BCEB-D10E4C565FF8}.Release|Any CPU.Build.0 = Release|Any CPU
		{3B2A6F20-5672-4F16-828E-80B29299260B}.Debug|Any CPU.ActiveCfg = Debug|Any CPU
		{3B2A6F20-5672-4F16-828E-80B29299260B}.Debug|Any CPU.Build.0 = Debug|Any CPU
		{3B2A6F20-5672-4F16-828E-80B29299260B}.Release|Any CPU.ActiveCfg = Release|Any CPU
		{3B2A6F20-5672-4F16-828E-80B29299260B}.Release|Any CPU.Build.0 = Release|Any CPU
		{5EB992F8-49AA-4308-A79F-84611A0A54A3}.Debug|Any CPU.ActiveCfg = Debug|Any CPU
		{5EB992F8-49AA-4308-A79F-84611A0A54A3}.Debug|Any CPU.Build.0 = Debug|Any CPU
		{5EB992F8-49AA-4308-A79F-84611A0A54A3}.Release|Any CPU.ActiveCfg = Release|Any CPU
		{5EB992F8-49AA-4308-A79F-84611A0A54A3}.Release|Any CPU.Build.0 = Release|Any CPU
	EndGlobalSection
	GlobalSection(SolutionProperties) = preSolution
		HideSolutionNode = FALSE
	EndGlobalSection
	GlobalSection(NestedProjects) = preSolution
		{45C7B613-E32D-43E8-8030-932D509602EB} = {B684AC6D-CD1D-4034-B9C3-A78F652314F0}
		{F08216AD-E55C-44B1-A253-AB8B024B7597} = {B684AC6D-CD1D-4034-B9C3-A78F652314F0}
		{D19D0C62-FB8C-427D-B6A4-8433EF3DB6A5} = {B684AC6D-CD1D-4034-B9C3-A78F652314F0}
		{6D326D8F-EAA9-4648-BB9A-74DB56AF59B9} = {447DF6B5-2543-4326-A9E9-0E2EA0ABB707}
		{7D94DAAC-E703-430D-BCEB-D10E4C565FF8} = {B684AC6D-CD1D-4034-B9C3-A78F652314F0}
		{3B2A6F20-5672-4F16-828E-80B29299260B} = {447DF6B5-2543-4326-A9E9-0E2EA0ABB707}
	EndGlobalSection
	GlobalSection(ExtensibilityGlobals) = postSolution
		SolutionGuid = {92F96BB0-904A-437F-B001-E90F20AD6334}
	EndGlobalSection
EndGlobal
